{
    "_meta": {
        "hash": {
            "sha256": "3a24be0a0726fb1b69c87ae9d6bbc77a406b8a1619b25108e9ef3223d61de92e"
        },
        "pipfile-spec": 6,
        "requires": {
            "python_version": "3.6"
        },
        "sources": [
            {
                "name": "pypi",
                "url": "https://pypi.python.org/simple",
                "verify_ssl": true
            }
        ]
    },
    "default": {
        "cx-oracle": {
            "hashes": [
                "sha256:090a95067af3b015c693464f97f602daea35a4b0677f416ac14da1667ecedac4",
                "sha256:10250e79288dcc374cfb75241c6046736421855dab5eeec8c87c111da0c68f16",
                "sha256:2823662171e54e3f65f236c995623f3f3520fdb9bca54202d618b34f62e215c6",
                "sha256:357d261955f5d6ba6282bb314cdd169a04b503b90dd26cb26830e3a7a0983976",
                "sha256:3902b4252cbfd04ec82a3d5285067caf116b7759031d99fae09ce021e1270b4b",
                "sha256:6916e45085383653af793ad80e48babca865fe402360f1171a0c83374b0b107c",
                "sha256:8a448276ff16e76f8a95304dc8b835319e94a7a5e5f713c03daa2338bb3e8d4e",
                "sha256:b6f864e0c3c1a8ec204320dcf387f95678a702ff07fc8bd930b49d668e47c765",
                "sha256:d2dada45742d803b60f0c166d7b35042ade6b5d5a3d56980e8d6e614bd5ebf6f",
                "sha256:d3fce646c25ab47d5248685c443a63dd28e39600188e00a1fe098b72c087fba0",
                "sha256:de82ca23930078507cb378b74385d3a9dc3c138ae6f92f06d10a6f35dc395ddc",
                "sha256:e4b886b7fa2fbdbde21364ef712d4bfd144a2709a88115dfd64e5d211f5d8966",
                "sha256:e75dde0d515655c900bee533ab2a8073a7ef00497bdf6b626ebe26c9fcb743dc",
                "sha256:ee9720576822850c600fbc8dc963694fd5a576593630f08eaa5de61c6e1697cc"
            ],
            "index": "pypi",
            "version": "==6.3"
        },
        "e1839a8": {
            "editable": true,
            "path": "."
        },
        "python-dotenv": {
            "hashes": [
                "sha256:4965ed170bf51c347a89820e8050655e9c25db3837db6602e906b6d850fad85c",
                "sha256:509736185257111613009974e666568a1b031b028b61b500ef1ab4ee780089d5"
            ],
            "index": "pypi",
            "version": "==0.8.2"
        },
        "sqlalchemy": {
            "hashes": [
                "sha256:d6cda03b0187d6ed796ff70e87c9a7dce2c2c9650a7bc3c022cd331416853c31"
            ],
            "index": "pypi",
            "version": "==1.2.7"
        }
    },
    "develop": {}
}
